
Microsoft Visual Studio Solution File, Format Version 12.00
# Visual Studio Version 17
VisualStudioVersion = 17.8.34322.80
MinimumVisualStudioVersion = 10.0.40219.1
Project("{9A19103F-16F7-4668-BE54-9A1E7A4F7556}") = "Pember_Lab4_301132685", "Pember_Lab4_301132685\Pember_Lab4_301132685.csproj", "{78991F11-A1EB-4336-B38E-8E3F4065135E}"
EndProject
Project("{9A19103F-16F7-4668-BE54-9A1E7A4F7556}") = "Pember_Lab4_301132685.Tests", "Pember_Lab4_301132685.Tests\Pember_Lab4_301132685.Tests.csproj", "{A4834CA3-A79D-4553-B76F-709E33033090}"
EndProject
Global
	GlobalSection(SolutionConfigurationPlatforms) = preSolution
		Debug|Any CPU = Debug|Any CPU
		Release|Any CPU = Release|Any CPU
	EndGlobalSection
	GlobalSection(ProjectConfigurationPlatforms) = postSolution
		{78991F11-A1EB-4336-B38E-8E3F4065135E}.Debug|Any CPU.ActiveCfg = Debug|Any CPU
		{78991F11-A1EB-4336-B38E-8E3F4065135E}.Debug|Any CPU.Build.0 = Debug|Any CPU
		{78991F11-A1EB-4336-B38E-8E3F4065135E}.Release|Any CPU.ActiveCfg = Release|Any CPU
		{78991F11-A1EB-4336-B38E-8E3F4065135E}.Release|Any CPU.Build.0 = Release|Any CPU
		{A4834CA3-A79D-4553-B76F-709E33033090}.Debug|Any CPU.ActiveCfg = Debug|Any CPU
		{A4834CA3-A79D-4553-B76F-709E33033090}.Debug|Any CPU.Build.0 = Debug|Any CPU
		{A4834CA3-A79D-4553-B76F-709E33033090}.Release|Any CPU.ActiveCfg = Release|Any CPU
		{A4834CA3-A79D-4553-B76F-709E33033090}.Release|Any CPU.Build.0 = Release|Any CPU
	EndGlobalSection
	GlobalSection(SolutionProperties) = preSolution
		HideSolutionNode = FALSE
	EndGlobalSection
	GlobalSection(ExtensibilityGlobals) = postSolution
		SolutionGuid = {7CD5CF12-ECCD-4EC1-A35C-955C7754D0D0}
	EndGlobalSection
EndGlobal
